
Microsoft Visual Studio Solution File, Format Version 12.00
# Visual Studio Version 17
VisualStudioVersion = 17.10.35004.147
MinimumVisualStudioVersion = 10.0.40219.1
Project("{FAE04EC0-301F-11D3-BF4B-00C04F79EFBC}") = "LearnML.Net", "LearnML.Net\LearnML.Net.csproj", "{8677B31C-B6B0-47BF-8150-9120CB3A6CDB}"
EndProject
Project("{9A19103F-16F7-4668-BE54-9A1E7A4F7556}") = "SentimentModel_ConsoleApp", "SentimentModel_ConsoleApp\SentimentModel_ConsoleApp.csproj", "{26973420-0A02-4EC0-A24D-8030635F2D87}"
EndProject
Project("{9A19103F-16F7-4668-BE54-9A1E7A4F7556}") = "SentimentModel_WebApi", "SentimentModel_WebApi\SentimentModel_WebApi.csproj", "{09234514-4EB6-4A96-9660-75A950C37172}"
EndProject
Global
	GlobalSection(SolutionConfigurationPlatforms) = preSolution
		Debug|Any CPU = Debug|Any CPU
		Release|Any CPU = Release|Any CPU
	EndGlobalSection
	GlobalSection(ProjectConfigurationPlatforms) = postSolution
		{8677B31C-B6B0-47BF-8150-9120CB3A6CDB}.Debug|Any CPU.ActiveCfg = Debug|Any CPU
		{8677B31C-B6B0-47BF-8150-9120CB3A6CDB}.Debug|Any CPU.Build.0 = Debug|Any CPU
		{8677B31C-B6B0-47BF-8150-9120CB3A6CDB}.Release|Any CPU.ActiveCfg = Release|Any CPU
		{8677B31C-B6B0-47BF-8150-9120CB3A6CDB}.Release|Any CPU.Build.0 = Release|Any CPU
		{26973420-0A02-4EC0-A24D-8030635F2D87}.Debug|Any CPU.ActiveCfg = Debug|Any CPU
		{26973420-0A02-4EC0-A24D-8030635F2D87}.Debug|Any CPU.Build.0 = Debug|Any CPU
		{26973420-0A02-4EC0-A24D-8030635F2D87}.Release|Any CPU.ActiveCfg = Release|Any CPU
		{26973420-0A02-4EC0-A24D-8030635F2D87}.Release|Any CPU.Build.0 = Release|Any CPU
		{09234514-4EB6-4A96-9660-75A950C37172}.Debug|Any CPU.ActiveCfg = Debug|Any CPU
		{09234514-4EB6-4A96-9660-75A950C37172}.Debug|Any CPU.Build.0 = Debug|Any CPU
		{09234514-4EB6-4A96-9660-75A950C37172}.Release|Any CPU.ActiveCfg = Release|Any CPU
		{09234514-4EB6-4A96-9660-75A950C37172}.Release|Any CPU.Build.0 = Release|Any CPU
	EndGlobalSection
	GlobalSection(SolutionProperties) = preSolution
		HideSolutionNode = FALSE
	EndGlobalSection
	GlobalSection(ExtensibilityGlobals) = postSolution
		SolutionGuid = {92CD80DD-AE38-4147-8154-D061F53416C7}
	EndGlobalSection
EndGlobal
